{
  "name": "@weydra/renderer",
  "version": "0.1.0",
  "lockfileVersion": 3,
  "requires": true,
  "packages": {
    "": {
      "name": "@weydra/renderer",
      "version": "0.1.0",
      "dependencies": {
        "weydra-renderer-wasm": "file:../adapters/wasm/pkg"
      }
    },
    "../adapters/wasm/pkg": {
      "name": "weydra-renderer-wasm",
      "version": "0.1.0",
      "license": "MIT"
    },
    "node_modules/weydra-renderer-wasm": {
      "resolved": "../adapters/wasm/pkg",
      "link": true
    }
  }
}
